
Microsoft Visual Studio Solution File, Format Version 12.00
# Visual Studio Version 17
VisualStudioVersion = 17.11.35303.130
MinimumVisualStudioVersion = 10.0.40219.1
Project("{FAE04EC0-301F-11D3-BF4B-00C04F79EFBC}") = "Eratosthene_Sieve", "Cieve\Eratosthene_Sieve.csproj", "{3091CAE5-7008-4306-A413-25A3953F5A36}"
EndProject
Global
	GlobalSection(SolutionConfigurationPlatforms) = preSolution
		Debug|Any CPU = Debug|Any CPU
		Release|Any CPU = Release|Any CPU
	EndGlobalSection
	GlobalSection(ProjectConfigurationPlatforms) = postSolution
		{3091CAE5-7008-4306-A413-25A3953F5A36}.Debug|Any CPU.ActiveCfg = Debug|Any CPU
		{3091CAE5-7008-4306-A413-25A3953F5A36}.Debug|Any CPU.Build.0 = Debug|Any CPU
		{3091CAE5-7008-4306-A413-25A3953F5A36}.Release|Any CPU.ActiveCfg = Release|Any CPU
		{3091CAE5-7008-4306-A413-25A3953F5A36}.Release|Any CPU.Build.0 = Release|Any CPU
	EndGlobalSection
	GlobalSection(SolutionProperties) = preSolution
		HideSolutionNode = FALSE
	EndGlobalSection
	GlobalSection(ExtensibilityGlobals) = postSolution
		SolutionGuid = {211EE24A-D847-458A-9369-E6F1955C1E0D}
	EndGlobalSection
EndGlobal
