
Microsoft Visual Studio Solution File, Format Version 12.00
# Visual Studio Version 17
VisualStudioVersion = 17.10.34928.147
MinimumVisualStudioVersion = 10.0.40219.1
Project("{FAE04EC0-301F-11D3-BF4B-00C04F79EFBC}") = "Wrong subtraction", "Wrong subtraction\Wrong subtraction.csproj", "{3F277270-4462-413D-A0A2-30255526FCA5}"
EndProject
Global
	GlobalSection(SolutionConfigurationPlatforms) = preSolution
		Debug|Any CPU = Debug|Any CPU
		Release|Any CPU = Release|Any CPU
	EndGlobalSection
	GlobalSection(ProjectConfigurationPlatforms) = postSolution
		{3F277270-4462-413D-A0A2-30255526FCA5}.Debug|Any CPU.ActiveCfg = Debug|Any CPU
		{3F277270-4462-413D-A0A2-30255526FCA5}.Debug|Any CPU.Build.0 = Debug|Any CPU
		{3F277270-4462-413D-A0A2-30255526FCA5}.Release|Any CPU.ActiveCfg = Release|Any CPU
		{3F277270-4462-413D-A0A2-30255526FCA5}.Release|Any CPU.Build.0 = Release|Any CPU
	EndGlobalSection
	GlobalSection(SolutionProperties) = preSolution
		HideSolutionNode = FALSE
	EndGlobalSection
	GlobalSection(ExtensibilityGlobals) = postSolution
		SolutionGuid = {763F3525-7C5A-4C02-B881-0FF086F0AAF5}
	EndGlobalSection
EndGlobal
